
Microsoft Visual Studio Solution File, Format Version 12.00
Project("{FAE04EC0-301F-11D3-BF4B-00C04F79EFBC}") = "CSharpWebAPI", "CSharpWebAPI\CSharpWebAPI.csproj", "{5504DDF2-AF6E-44B7-88F4-B50220C4311E}"
EndProject
Global
	GlobalSection(SolutionConfigurationPlatforms) = preSolution
		Debug|Any CPU = Debug|Any CPU
		Release|Any CPU = Release|Any CPU
	EndGlobalSection
	GlobalSection(ProjectConfigurationPlatforms) = postSolution
		{5504DDF2-AF6E-44B7-88F4-B50220C4311E}.Debug|Any CPU.ActiveCfg = Debug|Any CPU
		{5504DDF2-AF6E-44B7-88F4-B50220C4311E}.Debug|Any CPU.Build.0 = Debug|Any CPU
		{5504DDF2-AF6E-44B7-88F4-B50220C4311E}.Release|Any CPU.ActiveCfg = Release|Any CPU
		{5504DDF2-AF6E-44B7-88F4-B50220C4311E}.Release|Any CPU.Build.0 = Release|Any CPU
	EndGlobalSection
EndGlobal
